
Microsoft Visual Studio Solution File, Format Version 12.00
# Visual Studio Version 17
VisualStudioVersion = 17.11.35312.102
MinimumVisualStudioVersion = 10.0.40219.1
Project("{2150E333-8FDC-42A3-9474-1A3956D46DE8}") = "Task0", "Task0", "{740893E4-05DF-4B1A-B09C-CEC17065A0E5}"
EndProject
Project("{9A19103F-16F7-4668-BE54-9A1E7A4F7556}") = "Tyuiu.DyakovMS.Sprint1.Task0.V1", "Tyuiu.DyakovMS.Sprint1.Task0.V1\Tyuiu.DyakovMS.Sprint1.Task0.V1.csproj", "{5005A496-EE1A-4399-90D0-9BFE24E3850C}"
EndProject
Project("{9A19103F-16F7-4668-BE54-9A1E7A4F7556}") = "Tyuiu.DyakovMS.Sprint1.Task0.V1.Lib", "Tyuiu.DyakovMS.Sprint1.Task0.V1.Lib\Tyuiu.DyakovMS.Sprint1.Task0.V1.Lib.csproj", "{91186919-A36B-4205-9CB0-4A7C12DC77F5}"
EndProject
Project("{9A19103F-16F7-4668-BE54-9A1E7A4F7556}") = "Tyuiu.DyakovMS.Sprint1.Task0.V1.Test", "Tyuiu.DyakovMS.Sprint1.Task0.V1.Test\Tyuiu.DyakovMS.Sprint1.Task0.V1.Test.csproj", "{5C0ADFEB-8607-4AF4-BE26-C4637443939E}"
EndProject
Project("{9A19103F-16F7-4668-BE54-9A1E7A4F7556}") = "Tyuiu.DyakovMS.Sprint1.Task1.V6.Lib", "Tyuiu.DyakovMS.Sprint1.Task1.V6.Lib\Tyuiu.DyakovMS.Sprint1.Task1.V6.Lib.csproj", "{36779EE2-1E2B-4B17-AC3B-7F2984856739}"
EndProject
Project("{9A19103F-16F7-4668-BE54-9A1E7A4F7556}") = "Tyuiu.DyakovMS.Sprint1.Task1.V6", "Tyuiu.DyakovMS.Sprint1.Task1.V6\Tyuiu.DyakovMS.Sprint1.Task1.V6.csproj", "{FFA5DF0B-E110-4B31-A09B-5D2B00557E2F}"
EndProject
Project("{9A19103F-16F7-4668-BE54-9A1E7A4F7556}") = "Tyuiu.DyakovMS.Sprint1.Task1.V6.Test", "Tyuiu.DyakovMS.Sprint1.Task1.V6.Test\Tyuiu.DyakovMS.Sprint1.Task1.V6.Test.csproj", "{48DD51E1-AAFA-43BD-88F7-04D1E18B3068}"
EndProject
Project("{2150E333-8FDC-42A3-9474-1A3956D46DE8}") = "Task1", "Task1", "{897FC79A-53D5-4C45-A1C9-54C85E2B85E5}"
EndProject
Project("{9A19103F-16F7-4668-BE54-9A1E7A4F7556}") = "Tyuiu.DyakovMS.Sprint1.Task2.V18.Lib", "Tyuiu.DyakovMS.Sprint1.Task2.V18.Lib\Tyuiu.DyakovMS.Sprint1.Task2.V18.Lib.csproj", "{5E555D73-0EDC-4A96-9055-3E053BC0488D}"
EndProject
Project("{9A19103F-16F7-4668-BE54-9A1E7A4F7556}") = "Tyuiu.DyakovMS.Sprint1.Task2.V18", "Tyuiu.DyakovMS.Sprint1.Task2.V18\Tyuiu.DyakovMS.Sprint1.Task2.V18.csproj", "{82CAB3EC-8C29-4EB9-91AF-011251867DBB}"
EndProject
Project("{9A19103F-16F7-4668-BE54-9A1E7A4F7556}") = "Tyuiu.DyakovMS.Sprint1.Task2.V18.Test", "Tyuiu.DyakovMS.Sprint1.Task2.V18.Test\Tyuiu.DyakovMS.Sprint1.Task2.V18.Test.csproj", "{7ABA8202-C91C-4A58-B19B-1B2BAF9E553D}"
EndProject
Project("{2150E333-8FDC-42A3-9474-1A3956D46DE8}") = "Task2", "Task2", "{29C5A71E-E2DB-451D-9517-2DAA4BD4AF37}"
EndProject
Project("{9A19103F-16F7-4668-BE54-9A1E7A4F7556}") = "Tyuiu.DyakovMS.Sprint1.Task3.V2.Lib", "Tyuiu.DyakovMS.Sprint1.Task3.V2.Lib\Tyuiu.DyakovMS.Sprint1.Task3.V2.Lib.csproj", "{9A83BD5D-51DD-4D95-BE8B-B7AC85AC8D74}"
EndProject
Project("{9A19103F-16F7-4668-BE54-9A1E7A4F7556}") = "Tyuiu.DyakovMS.Sprint1.Task3.V2", "Tyuiu.DyakovMS.Sprint1.Task3.V2\Tyuiu.DyakovMS.Sprint1.Task3.V2.csproj", "{EF3A2EFC-9065-4C40-860B-ED9A4573B3A1}"
EndProject
Project("{9A19103F-16F7-4668-BE54-9A1E7A4F7556}") = "Tyuiu.DyakovMS.Sprint1.Task3.V2.Test", "Tyuiu.DyakovMS.Sprint1.Task3.V2.Test\Tyuiu.DyakovMS.Sprint1.Task3.V2.Test.csproj", "{39B8F70A-7E19-4273-9E33-04001A05D79C}"
EndProject
Project("{2150E333-8FDC-42A3-9474-1A3956D46DE8}") = "Task3", "Task3", "{C21B02A0-0013-4ECC-A337-26C5214863EA}"
EndProject
Project("{9A19103F-16F7-4668-BE54-9A1E7A4F7556}") = "Tyuiu.DyakovMS.Sprint1.Task4.V10.Lib", "Tyuiu.DyakovMS.Sprint1.Task4.V10.Lib\Tyuiu.DyakovMS.Sprint1.Task4.V10.Lib.csproj", "{93B05CFD-2BE9-47F8-8682-2DFA38CE5214}"
EndProject
Project("{9A19103F-16F7-4668-BE54-9A1E7A4F7556}") = "Tyuiu.DyakovMS.Sprint1.Task4.V10", "Tyuiu.DyakovMS.Sprint1.Task4.V10\Tyuiu.DyakovMS.Sprint1.Task4.V10.csproj", "{8120FF36-333E-4616-AAC8-F8F7CA1C92AC}"
EndProject
Project("{9A19103F-16F7-4668-BE54-9A1E7A4F7556}") = "Tyuiu.DyakovMS.Sprint1.Task4.V10.Test", "Tyuiu.DyakovMS.Sprint1.Task4.V10.Test\Tyuiu.DyakovMS.Sprint1.Task4.V10.Test.csproj", "{BC3A1704-F318-4813-BC31-79318A493244}"
EndProject
Project("{2150E333-8FDC-42A3-9474-1A3956D46DE8}") = "Task4", "Task4", "{7CE096FA-B884-4B0C-92F4-18DA184DF20B}"
EndProject
Project("{9A19103F-16F7-4668-BE54-9A1E7A4F7556}") = "Tyuiu.DyakovMS.Sprint1.Task5.V4.Lib", "Tyuiu.DyakovMS.Sprint1.Task5.V4.Lib\Tyuiu.DyakovMS.Sprint1.Task5.V4.Lib.csproj", "{1B3964A0-0F39-4546-82E1-A5FD043B6E0F}"
EndProject
Project("{9A19103F-16F7-4668-BE54-9A1E7A4F7556}") = "Tyuiu.DyakovMS.Sprint1.Task5.V4", "Tyuiu.DyakovMS.Sprint1.Task5.V4\Tyuiu.DyakovMS.Sprint1.Task5.V4.csproj", "{D86E7AFC-F085-4BC0-BB8B-FBC1D53FFB09}"
EndProject
Project("{9A19103F-16F7-4668-BE54-9A1E7A4F7556}") = "Tyuiu.DyakovMS.Sprint1.Task5.V4.Test", "Tyuiu.DyakovMS.Sprint1.Task5.V4.Test\Tyuiu.DyakovMS.Sprint1.Task5.V4.Test.csproj", "{C5BBC711-05BD-4B12-9B46-8DE95DDE0574}"
EndProject
Project("{2150E333-8FDC-42A3-9474-1A3956D46DE8}") = "Task5", "Task5", "{F9B44016-7FA8-434E-A43C-427D67F7A8C5}"
EndProject
Global
	GlobalSection(SolutionConfigurationPlatforms) = preSolution
		Debug|Any CPU = Debug|Any CPU
		Release|Any CPU = Release|Any CPU
	EndGlobalSection
	GlobalSection(ProjectConfigurationPlatforms) = postSolution
		{5005A496-EE1A-4399-90D0-9BFE24E3850C}.Debug|Any CPU.ActiveCfg = Debug|Any CPU
		{5005A496-EE1A-4399-90D0-9BFE24E3850C}.Debug|Any CPU.Build.0 = Debug|Any CPU
		{5005A496-EE1A-4399-90D0-9BFE24E3850C}.Release|Any CPU.ActiveCfg = Release|Any CPU
		{5005A496-EE1A-4399-90D0-9BFE24E3850C}.Release|Any CPU.Build.0 = Release|Any CPU
		{91186919-A36B-4205-9CB0-4A7C12DC77F5}.Debug|Any CPU.ActiveCfg = Debug|Any CPU
		{91186919-A36B-4205-9CB0-4A7C12DC77F5}.Debug|Any CPU.Build.0 = Debug|Any CPU
		{91186919-A36B-4205-9CB0-4A7C12DC77F5}.Release|Any CPU.ActiveCfg = Release|Any CPU
		{91186919-A36B-4205-9CB0-4A7C12DC77F5}.Release|Any CPU.Build.0 = Release|Any CPU
		{5C0ADFEB-8607-4AF4-BE26-C4637443939E}.Debug|Any CPU.ActiveCfg = Debug|Any CPU
		{5C0ADFEB-8607-4AF4-BE26-C4637443939E}.Debug|Any CPU.Build.0 = Debug|Any CPU
		{5C0ADFEB-8607-4AF4-BE26-C4637443939E}.Release|Any CPU.ActiveCfg = Release|Any CPU
		{5C0ADFEB-8607-4AF4-BE26-C4637443939E}.Release|Any CPU.Build.0 = Release|Any CPU
		{36779EE2-1E2B-4B17-AC3B-7F2984856739}.Debug|Any CPU.ActiveCfg = Debug|Any CPU
		{36779EE2-1E2B-4B17-AC3B-7F2984856739}.Debug|Any CPU.Build.0 = Debug|Any CPU
		{36779EE2-1E2B-4B17-AC3B-7F2984856739}.Release|Any CPU.ActiveCfg = Release|Any CPU
		{36779EE2-1E2B-4B17-AC3B-7F2984856739}.Release|Any CPU.Build.0 = Release|Any CPU
		{FFA5DF0B-E110-4B31-A09B-5D2B00557E2F}.Debug|Any CPU.ActiveCfg = Debug|Any CPU
		{FFA5DF0B-E110-4B31-A09B-5D2B00557E2F}.Debug|Any CPU.Build.0 = Debug|Any CPU
		{FFA5DF0B-E110-4B31-A09B-5D2B00557E2F}.Release|Any CPU.ActiveCfg = Release|Any CPU
		{FFA5DF0B-E110-4B31-A09B-5D2B00557E2F}.Release|Any CPU.Build.0 = Release|Any CPU
		{48DD51E1-AAFA-43BD-88F7-04D1E18B3068}.Debug|Any CPU.ActiveCfg = Debug|Any CPU
		{48DD51E1-AAFA-43BD-88F7-04D1E18B3068}.Debug|Any CPU.Build.0 = Debug|Any CPU
		{48DD51E1-AAFA-43BD-88F7-04D1E18B3068}.Release|Any CPU.ActiveCfg = Release|Any CPU
		{48DD51E1-AAFA-43BD-88F7-04D1E18B3068}.Release|Any CPU.Build.0 = Release|Any CPU
		{5E555D73-0EDC-4A96-9055-3E053BC0488D}.Debug|Any CPU.ActiveCfg = Debug|Any CPU
		{5E555D73-0EDC-4A96-9055-3E053BC0488D}.Debug|Any CPU.Build.0 = Debug|Any CPU
		{5E555D73-0EDC-4A96-9055-3E053BC0488D}.Release|Any CPU.ActiveCfg = Release|Any CPU
		{5E555D73-0EDC-4A96-9055-3E053BC0488D}.Release|Any CPU.Build.0 = Release|Any CPU
		{82CAB3EC-8C29-4EB9-91AF-011251867DBB}.Debug|Any CPU.ActiveCfg = Debug|Any CPU
		{82CAB3EC-8C29-4EB9-91AF-011251867DBB}.Debug|Any CPU.Build.0 = Debug|Any CPU
		{82CAB3EC-8C29-4EB9-91AF-011251867DBB}.Release|Any CPU.ActiveCfg = Release|Any CPU
		{82CAB3EC-8C29-4EB9-91AF-011251867DBB}.Release|Any CPU.Build.0 = Release|Any CPU
		{7ABA8202-C91C-4A58-B19B-1B2BAF9E553D}.Debug|Any CPU.ActiveCfg = Debug|Any CPU
		{7ABA8202-C91C-4A58-B19B-1B2BAF9E553D}.Debug|Any CPU.Build.0 = Debug|Any CPU
		{7ABA8202-C91C-4A58-B19B-1B2BAF9E553D}.Release|Any CPU.ActiveCfg = Release|Any CPU
		{7ABA8202-C91C-4A58-B19B-1B2BAF9E553D}.Release|Any CPU.Build.0 = Release|Any CPU
		{9A83BD5D-51DD-4D95-BE8B-B7AC85AC8D74}.Debug|Any CPU.ActiveCfg = Debug|Any CPU
		{9A83BD5D-51DD-4D95-BE8B-B7AC85AC8D74}.Debug|Any CPU.Build.0 = Debug|Any CPU
		{9A83BD5D-51DD-4D95-BE8B-B7AC85AC8D74}.Release|Any CPU.ActiveCfg = Release|Any CPU
		{9A83BD5D-51DD-4D95-BE8B-B7AC85AC8D74}.Release|Any CPU.Build.0 = Release|Any CPU
		{EF3A2EFC-9065-4C40-860B-ED9A4573B3A1}.Debug|Any CPU.ActiveCfg = Debug|Any CPU
		{EF3A2EFC-9065-4C40-860B-ED9A4573B3A1}.Debug|Any CPU.Build.0 = Debug|Any CPU
		{EF3A2EFC-9065-4C40-860B-ED9A4573B3A1}.Release|Any CPU.ActiveCfg = Release|Any CPU
		{EF3A2EFC-9065-4C40-860B-ED9A4573B3A1}.Release|Any CPU.Build.0 = Release|Any CPU
		{39B8F70A-7E19-4273-9E33-04001A05D79C}.Debug|Any CPU.ActiveCfg = Debug|Any CPU
		{39B8F70A-7E19-4273-9E33-04001A05D79C}.Debug|Any CPU.Build.0 = Debug|Any CPU
		{39B8F70A-7E19-4273-9E33-04001A05D79C}.Release|Any CPU.ActiveCfg = Release|Any CPU
		{39B8F70A-7E19-4273-9E33-04001A05D79C}.Release|Any CPU.Build.0 = Release|Any CPU
		{93B05CFD-2BE9-47F8-8682-2DFA38CE5214}.Debug|Any CPU.ActiveCfg = Debug|Any CPU
		{93B05CFD-2BE9-47F8-8682-2DFA38CE5214}.Debug|Any CPU.Build.0 = Debug|Any CPU
		{93B05CFD-2BE9-47F8-8682-2DFA38CE5214}.Release|Any CPU.ActiveCfg = Release|Any CPU
		{93B05CFD-2BE9-47F8-8682-2DFA38CE5214}.Release|Any CPU.Build.0 = Release|Any CPU
		{8120FF36-333E-4616-AAC8-F8F7CA1C92AC}.Debug|Any CPU.ActiveCfg = Debug|Any CPU
		{8120FF36-333E-4616-AAC8-F8F7CA1C92AC}.Debug|Any CPU.Build.0 = Debug|Any CPU
		{8120FF36-333E-4616-AAC8-F8F7CA1C92AC}.Release|Any CPU.ActiveCfg = Release|Any CPU
		{8120FF36-333E-4616-AAC8-F8F7CA1C92AC}.Release|Any CPU.Build.0 = Release|Any CPU
		{BC3A1704-F318-4813-BC31-79318A493244}.Debug|Any CPU.ActiveCfg = Debug|Any CPU
		{BC3A1704-F318-4813-BC31-79318A493244}.Debug|Any CPU.Build.0 = Debug|Any CPU
		{BC3A1704-F318-4813-BC31-79318A493244}.Release|Any CPU.ActiveCfg = Release|Any CPU
		{BC3A1704-F318-4813-BC31-79318A493244}.Release|Any CPU.Build.0 = Release|Any CPU
		{1B3964A0-0F39-4546-82E1-A5FD043B6E0F}.Debug|Any CPU.ActiveCfg = Debug|Any CPU
		{1B3964A0-0F39-4546-82E1-A5FD043B6E0F}.Debug|Any CPU.Build.0 = Debug|Any CPU
		{1B3964A0-0F39-4546-82E1-A5FD043B6E0F}.Release|Any CPU.ActiveCfg = Release|Any CPU
		{1B3964A0-0F39-4546-82E1-A5FD043B6E0F}.Release|Any CPU.Build.0 = Release|Any CPU
		{D86E7AFC-F085-4BC0-BB8B-FBC1D53FFB09}.Debug|Any CPU.ActiveCfg = Debug|Any CPU
		{D86E7AFC-F085-4BC0-BB8B-FBC1D53FFB09}.Debug|Any CPU.Build.0 = Debug|Any CPU
		{D86E7AFC-F085-4BC0-BB8B-FBC1D53FFB09}.Release|Any CPU.ActiveCfg = Release|Any CPU
		{D86E7AFC-F085-4BC0-BB8B-FBC1D53FFB09}.Release|Any CPU.Build.0 = Release|Any CPU
		{C5BBC711-05BD-4B12-9B46-8DE95DDE0574}.Debug|Any CPU.ActiveCfg = Debug|Any CPU
		{C5BBC711-05BD-4B12-9B46-8DE95DDE0574}.Debug|Any CPU.Build.0 = Debug|Any CPU
		{C5BBC711-05BD-4B12-9B46-8DE95DDE0574}.Release|Any CPU.ActiveCfg = Release|Any CPU
		{C5BBC711-05BD-4B12-9B46-8DE95DDE0574}.Release|Any CPU.Build.0 = Release|Any CPU
	EndGlobalSection
	GlobalSection(SolutionProperties) = preSolution
		HideSolutionNode = FALSE
	EndGlobalSection
	GlobalSection(NestedProjects) = preSolution
		{5005A496-EE1A-4399-90D0-9BFE24E3850C} = {740893E4-05DF-4B1A-B09C-CEC17065A0E5}
		{91186919-A36B-4205-9CB0-4A7C12DC77F5} = {740893E4-05DF-4B1A-B09C-CEC17065A0E5}
		{5C0ADFEB-8607-4AF4-BE26-C4637443939E} = {740893E4-05DF-4B1A-B09C-CEC17065A0E5}
		{36779EE2-1E2B-4B17-AC3B-7F2984856739} = {897FC79A-53D5-4C45-A1C9-54C85E2B85E5}
		{FFA5DF0B-E110-4B31-A09B-5D2B00557E2F} = {897FC79A-53D5-4C45-A1C9-54C85E2B85E5}
		{48DD51E1-AAFA-43BD-88F7-04D1E18B3068} = {897FC79A-53D5-4C45-A1C9-54C85E2B85E5}
		{5E555D73-0EDC-4A96-9055-3E053BC0488D} = {29C5A71E-E2DB-451D-9517-2DAA4BD4AF37}
		{82CAB3EC-8C29-4EB9-91AF-011251867DBB} = {29C5A71E-E2DB-451D-9517-2DAA4BD4AF37}
		{7ABA8202-C91C-4A58-B19B-1B2BAF9E553D} = {29C5A71E-E2DB-451D-9517-2DAA4BD4AF37}
		{9A83BD5D-51DD-4D95-BE8B-B7AC85AC8D74} = {C21B02A0-0013-4ECC-A337-26C5214863EA}
		{EF3A2EFC-9065-4C40-860B-ED9A4573B3A1} = {C21B02A0-0013-4ECC-A337-26C5214863EA}
		{39B8F70A-7E19-4273-9E33-04001A05D79C} = {C21B02A0-0013-4ECC-A337-26C5214863EA}
		{93B05CFD-2BE9-47F8-8682-2DFA38CE5214} = {7CE096FA-B884-4B0C-92F4-18DA184DF20B}
		{8120FF36-333E-4616-AAC8-F8F7CA1C92AC} = {7CE096FA-B884-4B0C-92F4-18DA184DF20B}
		{BC3A1704-F318-4813-BC31-79318A493244} = {7CE096FA-B884-4B0C-92F4-18DA184DF20B}
		{1B3964A0-0F39-4546-82E1-A5FD043B6E0F} = {F9B44016-7FA8-434E-A43C-427D67F7A8C5}
		{D86E7AFC-F085-4BC0-BB8B-FBC1D53FFB09} = {F9B44016-7FA8-434E-A43C-427D67F7A8C5}
		{C5BBC711-05BD-4B12-9B46-8DE95DDE0574} = {F9B44016-7FA8-434E-A43C-427D67F7A8C5}
	EndGlobalSection
	GlobalSection(ExtensibilityGlobals) = postSolution
		SolutionGuid = {DBB65513-B04F-4D46-837D-676BD1FD9371}
	EndGlobalSection
EndGlobal
